
Microsoft Visual Studio Solution File, Format Version 12.00
# Visual Studio Version 17
VisualStudioVersion = 17.14.36301.6
MinimumVisualStudioVersion = 10.0.40219.1
Project("{54A90642-561A-4BB1-A94E-469ADEE60C69}") = "AngularApp", "AngularApp\AngularApp.esproj", "{1F0E3EBF-C778-E8DE-D94F-A4AD7CE053CA}"
EndProject
Project("{FAE04EC0-301F-11D3-BF4B-00C04F79EFBC}") = "Despesas.Backend", "Despesas.Backend\Despesas.Backend.csproj", "{8A73B28E-65CD-6F1C-05EB-3D2B7E5AD391}"
EndProject
Project("{FAE04EC0-301F-11D3-BF4B-00C04F79EFBC}") = "Despesas.CrossCutting", "Despesas.CrossCutting\Despesas.CrossCutting.csproj", "{FB663409-E702-844F-6DEE-D9FE25C97EB5}"
EndProject
Project("{FAE04EC0-301F-11D3-BF4B-00C04F79EFBC}") = "Despesas.Domain", "Despesas.Domain\Despesas.Domain.csproj", "{EB5A2AC1-A9A2-6A22-ED09-78DA8A1DF369}"
EndProject
Project("{FAE04EC0-301F-11D3-BF4B-00C04F79EFBC}") = "Despesas.Infrastructure", "Despesas.Infrastructure\Despesas.Infrastructure.csproj", "{D6E3D4E9-8066-4172-7299-578BF783A19A}"
EndProject
Project("{FAE04EC0-301F-11D3-BF4B-00C04F79EFBC}") = "Despesas.Repository", "Despesas.Repository\Despesas.Repository.csproj", "{13A5FE32-A2A1-C935-847F-7770D36E93F8}"
EndProject
Project("{FAE04EC0-301F-11D3-BF4B-00C04F79EFBC}") = "Migrations.MsSqlServer", "Migrations.MsSqlServer\Migrations.MsSqlServer.csproj", "{B69CCACE-AA4C-4F17-3F0D-29E0B324C210}"
EndProject
Project("{FAE04EC0-301F-11D3-BF4B-00C04F79EFBC}") = "Migrations.MySqlServer", "Migrations.MySqlServer\Migrations.MySqlServer.csproj", "{34826D52-2803-CDD4-E2AC-354A494EC008}"
EndProject
Project("{FAE04EC0-301F-11D3-BF4B-00C04F79EFBC}") = "XUnit.Tests", "XunitTests\XUnit.Tests.csproj", "{30A971E8-A67F-E702-6E41-3663E7FCD5D4}"
EndProject
Project("{E53339B2-1760-4266-BCC7-CA923CBCF16C}") = "docker-compose", "docker-compose.dcproj", "{7900F85A-9B75-409E-96B7-6FB47F630975}"
EndProject
Project("{FAE04EC0-301F-11D3-BF4B-00C04F79EFBC}") = "Migrations.DataSeeders", "Migrations.DataSeeders\Migrations.DataSeeders.csproj", "{02C2773E-B8DC-63AF-7E9B-16E6CAB6CDE0}"
EndProject
Project("{FAE04EC0-301F-11D3-BF4B-00C04F79EFBC}") = "Despesas.Application", "Despesas.Application\Despesas.Application.csproj", "{2A2470E1-C4C9-45B7-BA14-5AA87DF3930A}"
EndProject
Global
	GlobalSection(SolutionConfigurationPlatforms) = preSolution
		Debug|Any CPU = Debug|Any CPU
		Release|Any CPU = Release|Any CPU
	EndGlobalSection
	GlobalSection(ProjectConfigurationPlatforms) = postSolution
		{1F0E3EBF-C778-E8DE-D94F-A4AD7CE053CA}.Debug|Any CPU.ActiveCfg = Debug|Any CPU
		{1F0E3EBF-C778-E8DE-D94F-A4AD7CE053CA}.Debug|Any CPU.Build.0 = Debug|Any CPU
		{1F0E3EBF-C778-E8DE-D94F-A4AD7CE053CA}.Debug|Any CPU.Deploy.0 = Debug|Any CPU
		{1F0E3EBF-C778-E8DE-D94F-A4AD7CE053CA}.Release|Any CPU.ActiveCfg = Release|Any CPU
		{1F0E3EBF-C778-E8DE-D94F-A4AD7CE053CA}.Release|Any CPU.Build.0 = Release|Any CPU
		{1F0E3EBF-C778-E8DE-D94F-A4AD7CE053CA}.Release|Any CPU.Deploy.0 = Release|Any CPU
		{8A73B28E-65CD-6F1C-05EB-3D2B7E5AD391}.Debug|Any CPU.ActiveCfg = Debug|Any CPU
		{8A73B28E-65CD-6F1C-05EB-3D2B7E5AD391}.Debug|Any CPU.Build.0 = Debug|Any CPU
		{8A73B28E-65CD-6F1C-05EB-3D2B7E5AD391}.Release|Any CPU.ActiveCfg = Release|Any CPU
		{8A73B28E-65CD-6F1C-05EB-3D2B7E5AD391}.Release|Any CPU.Build.0 = Release|Any CPU
		{FB663409-E702-844F-6DEE-D9FE25C97EB5}.Debug|Any CPU.ActiveCfg = Debug|Any CPU
		{FB663409-E702-844F-6DEE-D9FE25C97EB5}.Debug|Any CPU.Build.0 = Debug|Any CPU
		{FB663409-E702-844F-6DEE-D9FE25C97EB5}.Release|Any CPU.ActiveCfg = Release|Any CPU
		{FB663409-E702-844F-6DEE-D9FE25C97EB5}.Release|Any CPU.Build.0 = Release|Any CPU
		{EB5A2AC1-A9A2-6A22-ED09-78DA8A1DF369}.Debug|Any CPU.ActiveCfg = Debug|Any CPU
		{EB5A2AC1-A9A2-6A22-ED09-78DA8A1DF369}.Debug|Any CPU.Build.0 = Debug|Any CPU
		{EB5A2AC1-A9A2-6A22-ED09-78DA8A1DF369}.Release|Any CPU.ActiveCfg = Release|Any CPU
		{EB5A2AC1-A9A2-6A22-ED09-78DA8A1DF369}.Release|Any CPU.Build.0 = Release|Any CPU
		{D6E3D4E9-8066-4172-7299-578BF783A19A}.Debug|Any CPU.ActiveCfg = Debug|Any CPU
		{D6E3D4E9-8066-4172-7299-578BF783A19A}.Debug|Any CPU.Build.0 = Debug|Any CPU
		{D6E3D4E9-8066-4172-7299-578BF783A19A}.Release|Any CPU.ActiveCfg = Release|Any CPU
		{D6E3D4E9-8066-4172-7299-578BF783A19A}.Release|Any CPU.Build.0 = Release|Any CPU
		{13A5FE32-A2A1-C935-847F-7770D36E93F8}.Debug|Any CPU.ActiveCfg = Debug|Any CPU
		{13A5FE32-A2A1-C935-847F-7770D36E93F8}.Debug|Any CPU.Build.0 = Debug|Any CPU
		{13A5FE32-A2A1-C935-847F-7770D36E93F8}.Release|Any CPU.ActiveCfg = Release|Any CPU
		{13A5FE32-A2A1-C935-847F-7770D36E93F8}.Release|Any CPU.Build.0 = Release|Any CPU
		{B69CCACE-AA4C-4F17-3F0D-29E0B324C210}.Debug|Any CPU.ActiveCfg = Debug|Any CPU
		{B69CCACE-AA4C-4F17-3F0D-29E0B324C210}.Debug|Any CPU.Build.0 = Debug|Any CPU
		{B69CCACE-AA4C-4F17-3F0D-29E0B324C210}.Release|Any CPU.ActiveCfg = Release|Any CPU
		{B69CCACE-AA4C-4F17-3F0D-29E0B324C210}.Release|Any CPU.Build.0 = Release|Any CPU
		{34826D52-2803-CDD4-E2AC-354A494EC008}.Debug|Any CPU.ActiveCfg = Debug|Any CPU
		{34826D52-2803-CDD4-E2AC-354A494EC008}.Debug|Any CPU.Build.0 = Debug|Any CPU
		{34826D52-2803-CDD4-E2AC-354A494EC008}.Release|Any CPU.ActiveCfg = Release|Any CPU
		{34826D52-2803-CDD4-E2AC-354A494EC008}.Release|Any CPU.Build.0 = Release|Any CPU
		{30A971E8-A67F-E702-6E41-3663E7FCD5D4}.Debug|Any CPU.ActiveCfg = Debug|Any CPU
		{30A971E8-A67F-E702-6E41-3663E7FCD5D4}.Debug|Any CPU.Build.0 = Debug|Any CPU
		{30A971E8-A67F-E702-6E41-3663E7FCD5D4}.Release|Any CPU.ActiveCfg = Release|Any CPU
		{30A971E8-A67F-E702-6E41-3663E7FCD5D4}.Release|Any CPU.Build.0 = Release|Any CPU
		{7900F85A-9B75-409E-96B7-6FB47F630975}.Debug|Any CPU.ActiveCfg = Debug|Any CPU
		{7900F85A-9B75-409E-96B7-6FB47F630975}.Debug|Any CPU.Build.0 = Debug|Any CPU
		{7900F85A-9B75-409E-96B7-6FB47F630975}.Release|Any CPU.ActiveCfg = Release|Any CPU
		{7900F85A-9B75-409E-96B7-6FB47F630975}.Release|Any CPU.Build.0 = Release|Any CPU
		{02C2773E-B8DC-63AF-7E9B-16E6CAB6CDE0}.Debug|Any CPU.ActiveCfg = Debug|Any CPU
		{02C2773E-B8DC-63AF-7E9B-16E6CAB6CDE0}.Debug|Any CPU.Build.0 = Debug|Any CPU
		{02C2773E-B8DC-63AF-7E9B-16E6CAB6CDE0}.Release|Any CPU.ActiveCfg = Release|Any CPU
		{02C2773E-B8DC-63AF-7E9B-16E6CAB6CDE0}.Release|Any CPU.Build.0 = Release|Any CPU
		{2A2470E1-C4C9-45B7-BA14-5AA87DF3930A}.Debug|Any CPU.ActiveCfg = Debug|Any CPU
		{2A2470E1-C4C9-45B7-BA14-5AA87DF3930A}.Debug|Any CPU.Build.0 = Debug|Any CPU
		{2A2470E1-C4C9-45B7-BA14-5AA87DF3930A}.Release|Any CPU.ActiveCfg = Release|Any CPU
		{2A2470E1-C4C9-45B7-BA14-5AA87DF3930A}.Release|Any CPU.Build.0 = Release|Any CPU
	EndGlobalSection
	GlobalSection(SolutionProperties) = preSolution
		HideSolutionNode = FALSE
	EndGlobalSection
	GlobalSection(ExtensibilityGlobals) = postSolution
		SolutionGuid = {9A36DD74-62A6-409B-BA79-BFBD3649ED91}
	EndGlobalSection
EndGlobal
